# THIS IS AN AUTOGENERATED FILE. DO NOT EDIT THIS FILE DIRECTLY.
# yarn lockfile v1


pyright@1.1.106:
  version "1.1.106"
  resolved "https://registry.yarnpkg.com/pyright/-/pyright-1.1.106.tgz#0c563e1be800d8989a6d07744c1efc733fbe2da9"
  integrity sha512-28VWOLjtLKe87a5MTvdaryGahI79sqfYgi6LZid5iMdIMQj4LQlHFy1EqQKiBJm7WsrjLwckEfv5jVE+7+tYeQ==
